
Microsoft Visual Studio Solution File, Format Version 12.00
# Visual Studio 15
VisualStudioVersion = 15.0.27703.2026
MinimumVisualStudioVersion = 10.0.40219.1
Project("{FAE04EC0-301F-11D3-BF4B-00C04F79EFBC}") = "WeChartNotify", "WeChartNotify\WeChartNotify.csproj", "{32A01B4F-92C0-4754-9B9E-A87E0497DA2A}"
EndProject
Global
	GlobalSection(SolutionConfigurationPlatforms) = preSolution
		Debug|Any CPU = Debug|Any CPU
		Release|Any CPU = Release|Any CPU
	EndGlobalSection
	GlobalSection(ProjectConfigurationPlatforms) = postSolution
		{32A01B4F-92C0-4754-9B9E-A87E0497DA2A}.Debug|Any CPU.ActiveCfg = Debug|Any CPU
		{32A01B4F-92C0-4754-9B9E-A87E0497DA2A}.Debug|Any CPU.Build.0 = Debug|Any CPU
		{32A01B4F-92C0-4754-9B9E-A87E0497DA2A}.Release|Any CPU.ActiveCfg = Release|Any CPU
		{32A01B4F-92C0-4754-9B9E-A87E0497DA2A}.Release|Any CPU.Build.0 = Release|Any CPU
	EndGlobalSection
	GlobalSection(SolutionProperties) = preSolution
		HideSolutionNode = FALSE
	EndGlobalSection
	GlobalSection(ExtensibilityGlobals) = postSolution
		SolutionGuid = {047C0CAE-1BCB-4B09-9B4A-384E34378866}
	EndGlobalSection
EndGlobal
